
Microsoft Visual Studio Solution File, Format Version 12.00
# Visual Studio Version 17
VisualStudioVersion = 17.0.31903.59
MinimumVisualStudioVersion = 10.0.40219.1
Project("{2150E333-8FDC-42A3-9474-1A3956D46DE8}") = "src", "src", "{827E0CD3-B72D-47B6-A68D-7590B98EB39B}"
EndProject
Project("{FAE04EC0-301F-11D3-BF4B-00C04F79EFBC}") = "Scada.Core", "src\Scada.Core\Scada.Core.csproj", "{6C9E7D78-379D-4EAD-97B2-2391C8D897CB}"
EndProject
Project("{FAE04EC0-301F-11D3-BF4B-00C04F79EFBC}") = "Scada.Scene", "src\Scada.Scene\Scada.Scene.csproj", "{487E91C8-C006-4C0F-BC16-60793D730D47}"
EndProject
Project("{FAE04EC0-301F-11D3-BF4B-00C04F79EFBC}") = "Scada.Storage", "src\Scada.Storage\Scada.Storage.csproj", "{50918B4B-572A-450B-AF90-D63D412E424C}"
EndProject
Project("{FAE04EC0-301F-11D3-BF4B-00C04F79EFBC}") = "Scada.Simulator", "src\Scada.Simulator\Scada.Simulator.csproj", "{9BEADA2E-CC72-4684-B242-2DF72FD13E6D}"
EndProject
Project("{2150E333-8FDC-42A3-9474-1A3956D46DE8}") = "tests", "tests", "{0AB3BF05-4346-4AA6-1389-037BE0695223}"
EndProject
Project("{FAE04EC0-301F-11D3-BF4B-00C04F79EFBC}") = "Scada.Core.Tests", "tests\Scada.Core.Tests\Scada.Core.Tests.csproj", "{E0C025FC-32FD-48AD-B361-158BB31ABC9B}"
EndProject
Project("{FAE04EC0-301F-11D3-BF4B-00C04F79EFBC}") = "Scada.Storage.Tests", "tests\Scada.Storage.Tests\Scada.Storage.Tests.csproj", "{007164B5-0DA3-448C-A1F6-57572D5ACE3C}"
EndProject
Project("{FAE04EC0-301F-11D3-BF4B-00C04F79EFBC}") = "Scada.Simulator.Tests", "tests\Scada.Simulator.Tests\Scada.Simulator.Tests.csproj", "{44E8DE44-4289-4518-A376-11A7D831BC3E}"
EndProject
Project("{FAE04EC0-301F-11D3-BF4B-00C04F79EFBC}") = "Scada.Acceptance.Tests", "tests\Scada.Acceptance.Tests\Scada.Acceptance.Tests.csproj", "{BD76AA28-A7F3-4628-93AE-9C1EF243EE15}"
EndProject
Project("{FAE04EC0-301F-11D3-BF4B-00C04F79EFBC}") = "Scada.Controls", "src\Scada.Controls\Scada.Controls.csproj", "{ECD1DC84-21E2-4613-85A9-E2CCEF575F34}"
EndProject
Project("{FAE04EC0-301F-11D3-BF4B-00C04F79EFBC}") = "Scada.Controls.Wpf", "src\Scada.Controls.Wpf\Scada.Controls.Wpf.csproj", "{2074F079-399F-4915-B7F3-D8AC141D0C61}"
EndProject
Project("{FAE04EC0-301F-11D3-BF4B-00C04F79EFBC}") = "Scada.Controls.Svg", "src\Scada.Controls.Svg\Scada.Controls.Svg.csproj", "{F5B173CC-09F5-42F9-87C8-13D066349A13}"
EndProject
Project("{2150E333-8FDC-42A3-9474-1A3956D46DE8}") = "samples", "samples", "{5D20AA90-6969-D8BD-9DCD-8634F4692FDA}"
EndProject
Project("{FAE04EC0-301F-11D3-BF4B-00C04F79EFBC}") = "Scada.Controls.SampleProject", "samples\Scada.Controls.SampleProject\Scada.Controls.SampleProject.csproj", "{2E705E5B-4CF1-4415-AB52-4811C774A000}"
EndProject
Project("{FAE04EC0-301F-11D3-BF4B-00C04F79EFBC}") = "Scada.Controls.Preview.Wpf", "samples\Scada.Controls.Preview.Wpf\Scada.Controls.Preview.Wpf.csproj", "{108464AC-9978-4F3B-A7C3-75A44E1D6F46}"
EndProject
Project("{FAE04EC0-301F-11D3-BF4B-00C04F79EFBC}") = "Scada.Controls.Preview.Svg", "samples\Scada.Controls.Preview.Svg\Scada.Controls.Preview.Svg.csproj", "{2427E0CC-C368-4CF1-B4E0-06C8FE2B36E3}"
EndProject
Project("{FAE04EC0-301F-11D3-BF4B-00C04F79EFBC}") = "Scada.Controls.Tests", "tests\Scada.Controls.Tests\Scada.Controls.Tests.csproj", "{9FDF519C-29C0-46C1-AC64-2329613F3FBA}"
EndProject
Project("{FAE04EC0-301F-11D3-BF4B-00C04F79EFBC}") = "Scada.Controls.Wpf.Tests", "tests\Scada.Controls.Wpf.Tests\Scada.Controls.Wpf.Tests.csproj", "{586E973A-514C-4166-8714-F23213F1A78D}"
EndProject
Project("{FAE04EC0-301F-11D3-BF4B-00C04F79EFBC}") = "Scada.Controls.Svg.Tests", "tests\Scada.Controls.Svg.Tests\Scada.Controls.Svg.Tests.csproj", "{DAC64D51-D516-455B-8040-15D87D5DB72D}"
EndProject
Project("{FAE04EC0-301F-11D3-BF4B-00C04F79EFBC}") = "Scada.Phase2.Acceptance.Tests", "tests\Scada.Phase2.Acceptance.Tests\Scada.Phase2.Acceptance.Tests.csproj", "{FE6F1D44-ECAE-4A77-8184-B755F5842B34}"
EndProject
Project("{FAE04EC0-301F-11D3-BF4B-00C04F79EFBC}") = "Scada.Editor.Wpf", "src\Scada.Editor.Wpf\Scada.Editor.Wpf.csproj", "{4B9CF847-19FC-4B63-B1EB-73E62EA5B29D}"
EndProject
Project("{FAE04EC0-301F-11D3-BF4B-00C04F79EFBC}") = "Scada.Editor.Wpf.Tests", "tests\Scada.Editor.Wpf.Tests\Scada.Editor.Wpf.Tests.csproj", "{0C6606F2-A2F5-44A6-96FE-345673B780B0}"
EndProject
Project("{FAE04EC0-301F-11D3-BF4B-00C04F79EFBC}") = "Scada.Editor.Preview.Wpf", "samples\Scada.Editor.Preview.Wpf\Scada.Editor.Preview.Wpf.csproj", "{ED2D268B-6DCE-4838-931E-B6A1C4014D54}"
EndProject
Project("{FAE04EC0-301F-11D3-BF4B-00C04F79EFBC}") = "Scada.Runtime", "src\Scada.Runtime\Scada.Runtime.csproj", "{F4893657-9A29-46B4-B9B3-B533DAF9CC3E}"
EndProject
Project("{FAE04EC0-301F-11D3-BF4B-00C04F79EFBC}") = "Scada.Runtime.Tests", "tests\Scada.Runtime.Tests\Scada.Runtime.Tests.csproj", "{1881DF0D-9CBD-4286-BA75-EE04790ED41A}"
EndProject
Project("{FAE04EC0-301F-11D3-BF4B-00C04F79EFBC}") = "Scada.Runtime.Preview", "samples\Scada.Runtime.Preview\Scada.Runtime.Preview.csproj", "{53F9D0B2-8828-4F6B-B527-7589FB8E38E0}"
EndProject
Project("{FAE04EC0-301F-11D3-BF4B-00C04F79EFBC}") = "Scada.Gateway.Tests", "tests\Scada.Gateway.Tests\Scada.Gateway.Tests.csproj", "{C7A56554-F507-41E7-B0D8-4C5158D7AFD8}"
EndProject
Project("{FAE04EC0-301F-11D3-BF4B-00C04F79EFBC}") = "Scada.Gateway", "src\Scada.Gateway\Scada.Gateway.csproj", "{3A803037-1062-448F-93A9-5511C70DEA73}"
EndProject
Global
	GlobalSection(SolutionConfigurationPlatforms) = preSolution
		Debug|Any CPU = Debug|Any CPU
		Debug|x64 = Debug|x64
		Debug|x86 = Debug|x86
		Release|Any CPU = Release|Any CPU
		Release|x64 = Release|x64
		Release|x86 = Release|x86
	EndGlobalSection
	GlobalSection(ProjectConfigurationPlatforms) = postSolution
		{6C9E7D78-379D-4EAD-97B2-2391C8D897CB}.Debug|Any CPU.ActiveCfg = Debug|Any CPU
		{6C9E7D78-379D-4EAD-97B2-2391C8D897CB}.Debug|Any CPU.Build.0 = Debug|Any CPU
		{6C9E7D78-379D-4EAD-97B2-2391C8D897CB}.Debug|x64.ActiveCfg = Debug|Any CPU
		{6C9E7D78-379D-4EAD-97B2-2391C8D897CB}.Debug|x64.Build.0 = Debug|Any CPU
		{6C9E7D78-379D-4EAD-97B2-2391C8D897CB}.Debug|x86.ActiveCfg = Debug|Any CPU
		{6C9E7D78-379D-4EAD-97B2-2391C8D897CB}.Debug|x86.Build.0 = Debug|Any CPU
		{6C9E7D78-379D-4EAD-97B2-2391C8D897CB}.Release|Any CPU.ActiveCfg = Release|Any CPU
		{6C9E7D78-379D-4EAD-97B2-2391C8D897CB}.Release|Any CPU.Build.0 = Release|Any CPU
		{6C9E7D78-379D-4EAD-97B2-2391C8D897CB}.Release|x64.ActiveCfg = Release|Any CPU
		{6C9E7D78-379D-4EAD-97B2-2391C8D897CB}.Release|x64.Build.0 = Release|Any CPU
		{6C9E7D78-379D-4EAD-97B2-2391C8D897CB}.Release|x86.ActiveCfg = Release|Any CPU
		{6C9E7D78-379D-4EAD-97B2-2391C8D897CB}.Release|x86.Build.0 = Release|Any CPU
		{487E91C8-C006-4C0F-BC16-60793D730D47}.Debug|Any CPU.ActiveCfg = Debug|Any CPU
		{487E91C8-C006-4C0F-BC16-60793D730D47}.Debug|Any CPU.Build.0 = Debug|Any CPU
		{487E91C8-C006-4C0F-BC16-60793D730D47}.Debug|x64.ActiveCfg = Debug|Any CPU
		{487E91C8-C006-4C0F-BC16-60793D730D47}.Debug|x64.Build.0 = Debug|Any CPU
		{487E91C8-C006-4C0F-BC16-60793D730D47}.Debug|x86.ActiveCfg = Debug|Any CPU
		{487E91C8-C006-4C0F-BC16-60793D730D47}.Debug|x86.Build.0 = Debug|Any CPU
		{487E91C8-C006-4C0F-BC16-60793D730D47}.Release|Any CPU.ActiveCfg = Release|Any CPU
		{487E91C8-C006-4C0F-BC16-60793D730D47}.Release|Any CPU.Build.0 = Release|Any CPU
		{487E91C8-C006-4C0F-BC16-60793D730D47}.Release|x64.ActiveCfg = Release|Any CPU
		{487E91C8-C006-4C0F-BC16-60793D730D47}.Release|x64.Build.0 = Release|Any CPU
		{487E91C8-C006-4C0F-BC16-60793D730D47}.Release|x86.ActiveCfg = Release|Any CPU
		{487E91C8-C006-4C0F-BC16-60793D730D47}.Release|x86.Build.0 = Release|Any CPU
		{50918B4B-572A-450B-AF90-D63D412E424C}.Debug|Any CPU.ActiveCfg = Debug|Any CPU
		{50918B4B-572A-450B-AF90-D63D412E424C}.Debug|Any CPU.Build.0 = Debug|Any CPU
		{50918B4B-572A-450B-AF90-D63D412E424C}.Debug|x64.ActiveCfg = Debug|Any CPU
		{50918B4B-572A-450B-AF90-D63D412E424C}.Debug|x64.Build.0 = Debug|Any CPU
		{50918B4B-572A-450B-AF90-D63D412E424C}.Debug|x86.ActiveCfg = Debug|Any CPU
		{50918B4B-572A-450B-AF90-D63D412E424C}.Debug|x86.Build.0 = Debug|Any CPU
		{50918B4B-572A-450B-AF90-D63D412E424C}.Release|Any CPU.ActiveCfg = Release|Any CPU
		{50918B4B-572A-450B-AF90-D63D412E424C}.Release|Any CPU.Build.0 = Release|Any CPU
		{50918B4B-572A-450B-AF90-D63D412E424C}.Release|x64.ActiveCfg = Release|Any CPU
		{50918B4B-572A-450B-AF90-D63D412E424C}.Release|x64.Build.0 = Release|Any CPU
		{50918B4B-572A-450B-AF90-D63D412E424C}.Release|x86.ActiveCfg = Release|Any CPU
		{50918B4B-572A-450B-AF90-D63D412E424C}.Release|x86.Build.0 = Release|Any CPU
		{9BEADA2E-CC72-4684-B242-2DF72FD13E6D}.Debug|Any CPU.ActiveCfg = Debug|Any CPU
		{9BEADA2E-CC72-4684-B242-2DF72FD13E6D}.Debug|Any CPU.Build.0 = Debug|Any CPU
		{9BEADA2E-CC72-4684-B242-2DF72FD13E6D}.Debug|x64.ActiveCfg = Debug|Any CPU
		{9BEADA2E-CC72-4684-B242-2DF72FD13E6D}.Debug|x64.Build.0 = Debug|Any CPU
		{9BEADA2E-CC72-4684-B242-2DF72FD13E6D}.Debug|x86.ActiveCfg = Debug|Any CPU
		{9BEADA2E-CC72-4684-B242-2DF72FD13E6D}.Debug|x86.Build.0 = Debug|Any CPU
		{9BEADA2E-CC72-4684-B242-2DF72FD13E6D}.Release|Any CPU.ActiveCfg = Release|Any CPU
		{9BEADA2E-CC72-4684-B242-2DF72FD13E6D}.Release|Any CPU.Build.0 = Release|Any CPU
		{9BEADA2E-CC72-4684-B242-2DF72FD13E6D}.Release|x64.ActiveCfg = Release|Any CPU
		{9BEADA2E-CC72-4684-B242-2DF72FD13E6D}.Release|x64.Build.0 = Release|Any CPU
		{9BEADA2E-CC72-4684-B242-2DF72FD13E6D}.Release|x86.ActiveCfg = Release|Any CPU
		{9BEADA2E-CC72-4684-B242-2DF72FD13E6D}.Release|x86.Build.0 = Release|Any CPU
		{E0C025FC-32FD-48AD-B361-158BB31ABC9B}.Debug|Any CPU.ActiveCfg = Debug|Any CPU
		{E0C025FC-32FD-48AD-B361-158BB31ABC9B}.Debug|Any CPU.Build.0 = Debug|Any CPU
		{E0C025FC-32FD-48AD-B361-158BB31ABC9B}.Debug|x64.ActiveCfg = Debug|Any CPU
		{E0C025FC-32FD-48AD-B361-158BB31ABC9B}.Debug|x64.Build.0 = Debug|Any CPU
		{E0C025FC-32FD-48AD-B361-158BB31ABC9B}.Debug|x86.ActiveCfg = Debug|Any CPU
		{E0C025FC-32FD-48AD-B361-158BB31ABC9B}.Debug|x86.Build.0 = Debug|Any CPU
		{E0C025FC-32FD-48AD-B361-158BB31ABC9B}.Release|Any CPU.ActiveCfg = Release|Any CPU
		{E0C025FC-32FD-48AD-B361-158BB31ABC9B}.Release|Any CPU.Build.0 = Release|Any CPU
		{E0C025FC-32FD-48AD-B361-158BB31ABC9B}.Release|x64.ActiveCfg = Release|Any CPU
		{E0C025FC-32FD-48AD-B361-158BB31ABC9B}.Release|x64.Build.0 = Release|Any CPU
		{E0C025FC-32FD-48AD-B361-158BB31ABC9B}.Release|x86.ActiveCfg = Release|Any CPU
		{E0C025FC-32FD-48AD-B361-158BB31ABC9B}.Release|x86.Build.0 = Release|Any CPU
		{007164B5-0DA3-448C-A1F6-57572D5ACE3C}.Debug|Any CPU.ActiveCfg = Debug|Any CPU
		{007164B5-0DA3-448C-A1F6-57572D5ACE3C}.Debug|Any CPU.Build.0 = Debug|Any CPU
		{007164B5-0DA3-448C-A1F6-57572D5ACE3C}.Debug|x64.ActiveCfg = Debug|Any CPU
		{007164B5-0DA3-448C-A1F6-57572D5ACE3C}.Debug|x64.Build.0 = Debug|Any CPU
		{007164B5-0DA3-448C-A1F6-57572D5ACE3C}.Debug|x86.ActiveCfg = Debug|Any CPU
		{007164B5-0DA3-448C-A1F6-57572D5ACE3C}.Debug|x86.Build.0 = Debug|Any CPU
		{007164B5-0DA3-448C-A1F6-57572D5ACE3C}.Release|Any CPU.ActiveCfg = Release|Any CPU
		{007164B5-0DA3-448C-A1F6-57572D5ACE3C}.Release|Any CPU.Build.0 = Release|Any CPU
		{007164B5-0DA3-448C-A1F6-57572D5ACE3C}.Release|x64.ActiveCfg = Release|Any CPU
		{007164B5-0DA3-448C-A1F6-57572D5ACE3C}.Release|x64.Build.0 = Release|Any CPU
		{007164B5-0DA3-448C-A1F6-57572D5ACE3C}.Release|x86.ActiveCfg = Release|Any CPU
		{007164B5-0DA3-448C-A1F6-57572D5ACE3C}.Release|x86.Build.0 = Release|Any CPU
		{44E8DE44-4289-4518-A376-11A7D831BC3E}.Debug|Any CPU.ActiveCfg = Debug|Any CPU
		{44E8DE44-4289-4518-A376-11A7D831BC3E}.Debug|Any CPU.Build.0 = Debug|Any CPU
		{44E8DE44-4289-4518-A376-11A7D831BC3E}.Debug|x64.ActiveCfg = Debug|Any CPU
		{44E8DE44-4289-4518-A376-11A7D831BC3E}.Debug|x64.Build.0 = Debug|Any CPU
		{44E8DE44-4289-4518-A376-11A7D831BC3E}.Debug|x86.ActiveCfg = Debug|Any CPU
		{44E8DE44-4289-4518-A376-11A7D831BC3E}.Debug|x86.Build.0 = Debug|Any CPU
		{44E8DE44-4289-4518-A376-11A7D831BC3E}.Release|Any CPU.ActiveCfg = Release|Any CPU
		{44E8DE44-4289-4518-A376-11A7D831BC3E}.Release|Any CPU.Build.0 = Release|Any CPU
		{44E8DE44-4289-4518-A376-11A7D831BC3E}.Release|x64.ActiveCfg = Release|Any CPU
		{44E8DE44-4289-4518-A376-11A7D831BC3E}.Release|x64.Build.0 = Release|Any CPU
		{44E8DE44-4289-4518-A376-11A7D831BC3E}.Release|x86.ActiveCfg = Release|Any CPU
		{44E8DE44-4289-4518-A376-11A7D831BC3E}.Release|x86.Build.0 = Release|Any CPU
		{BD76AA28-A7F3-4628-93AE-9C1EF243EE15}.Debug|Any CPU.ActiveCfg = Debug|Any CPU
		{BD76AA28-A7F3-4628-93AE-9C1EF243EE15}.Debug|Any CPU.Build.0 = Debug|Any CPU
		{BD76AA28-A7F3-4628-93AE-9C1EF243EE15}.Debug|x64.ActiveCfg = Debug|Any CPU
		{BD76AA28-A7F3-4628-93AE-9C1EF243EE15}.Debug|x64.Build.0 = Debug|Any CPU
		{BD76AA28-A7F3-4628-93AE-9C1EF243EE15}.Debug|x86.ActiveCfg = Debug|Any CPU
		{BD76AA28-A7F3-4628-93AE-9C1EF243EE15}.Debug|x86.Build.0 = Debug|Any CPU
		{BD76AA28-A7F3-4628-93AE-9C1EF243EE15}.Release|Any CPU.ActiveCfg = Release|Any CPU
		{BD76AA28-A7F3-4628-93AE-9C1EF243EE15}.Release|Any CPU.Build.0 = Release|Any CPU
		{BD76AA28-A7F3-4628-93AE-9C1EF243EE15}.Release|x64.ActiveCfg = Release|Any CPU
		{BD76AA28-A7F3-4628-93AE-9C1EF243EE15}.Release|x64.Build.0 = Release|Any CPU
		{BD76AA28-A7F3-4628-93AE-9C1EF243EE15}.Release|x86.ActiveCfg = Release|Any CPU
		{BD76AA28-A7F3-4628-93AE-9C1EF243EE15}.Release|x86.Build.0 = Release|Any CPU
		{ECD1DC84-21E2-4613-85A9-E2CCEF575F34}.Debug|Any CPU.ActiveCfg = Debug|Any CPU
		{ECD1DC84-21E2-4613-85A9-E2CCEF575F34}.Debug|Any CPU.Build.0 = Debug|Any CPU
		{ECD1DC84-21E2-4613-85A9-E2CCEF575F34}.Debug|x64.ActiveCfg = Debug|Any CPU
		{ECD1DC84-21E2-4613-85A9-E2CCEF575F34}.Debug|x64.Build.0 = Debug|Any CPU
		{ECD1DC84-21E2-4613-85A9-E2CCEF575F34}.Debug|x86.ActiveCfg = Debug|Any CPU
		{ECD1DC84-21E2-4613-85A9-E2CCEF575F34}.Debug|x86.Build.0 = Debug|Any CPU
		{ECD1DC84-21E2-4613-85A9-E2CCEF575F34}.Release|Any CPU.ActiveCfg = Release|Any CPU
		{ECD1DC84-21E2-4613-85A9-E2CCEF575F34}.Release|Any CPU.Build.0 = Release|Any CPU
		{ECD1DC84-21E2-4613-85A9-E2CCEF575F34}.Release|x64.ActiveCfg = Release|Any CPU
		{ECD1DC84-21E2-4613-85A9-E2CCEF575F34}.Release|x64.Build.0 = Release|Any CPU
		{ECD1DC84-21E2-4613-85A9-E2CCEF575F34}.Release|x86.ActiveCfg = Release|Any CPU
		{ECD1DC84-21E2-4613-85A9-E2CCEF575F34}.Release|x86.Build.0 = Release|Any CPU
		{2074F079-399F-4915-B7F3-D8AC141D0C61}.Debug|Any CPU.ActiveCfg = Debug|Any CPU
		{2074F079-399F-4915-B7F3-D8AC141D0C61}.Debug|Any CPU.Build.0 = Debug|Any CPU
		{2074F079-399F-4915-B7F3-D8AC141D0C61}.Debug|x64.ActiveCfg = Debug|Any CPU
		{2074F079-399F-4915-B7F3-D8AC141D0C61}.Debug|x64.Build.0 = Debug|Any CPU
		{2074F079-399F-4915-B7F3-D8AC141D0C61}.Debug|x86.ActiveCfg = Debug|Any CPU
		{2074F079-399F-4915-B7F3-D8AC141D0C61}.Debug|x86.Build.0 = Debug|Any CPU
		{2074F079-399F-4915-B7F3-D8AC141D0C61}.Release|Any CPU.ActiveCfg = Release|Any CPU
		{2074F079-399F-4915-B7F3-D8AC141D0C61}.Release|Any CPU.Build.0 = Release|Any CPU
		{2074F079-399F-4915-B7F3-D8AC141D0C61}.Release|x64.ActiveCfg = Release|Any CPU
		{2074F079-399F-4915-B7F3-D8AC141D0C61}.Release|x64.Build.0 = Release|Any CPU
		{2074F079-399F-4915-B7F3-D8AC141D0C61}.Release|x86.ActiveCfg = Release|Any CPU
		{2074F079-399F-4915-B7F3-D8AC141D0C61}.Release|x86.Build.0 = Release|Any CPU
		{F5B173CC-09F5-42F9-87C8-13D066349A13}.Debug|Any CPU.ActiveCfg = Debug|Any CPU
		{F5B173CC-09F5-42F9-87C8-13D066349A13}.Debug|Any CPU.Build.0 = Debug|Any CPU
		{F5B173CC-09F5-42F9-87C8-13D066349A13}.Debug|x64.ActiveCfg = Debug|Any CPU
		{F5B173CC-09F5-42F9-87C8-13D066349A13}.Debug|x64.Build.0 = Debug|Any CPU
		{F5B173CC-09F5-42F9-87C8-13D066349A13}.Debug|x86.ActiveCfg = Debug|Any CPU
		{F5B173CC-09F5-42F9-87C8-13D066349A13}.Debug|x86.Build.0 = Debug|Any CPU
		{F5B173CC-09F5-42F9-87C8-13D066349A13}.Release|Any CPU.ActiveCfg = Release|Any CPU
		{F5B173CC-09F5-42F9-87C8-13D066349A13}.Release|Any CPU.Build.0 = Release|Any CPU
		{F5B173CC-09F5-42F9-87C8-13D066349A13}.Release|x64.ActiveCfg = Release|Any CPU
		{F5B173CC-09F5-42F9-87C8-13D066349A13}.Release|x64.Build.0 = Release|Any CPU
		{F5B173CC-09F5-42F9-87C8-13D066349A13}.Release|x86.ActiveCfg = Release|Any CPU
		{F5B173CC-09F5-42F9-87C8-13D066349A13}.Release|x86.Build.0 = Release|Any CPU
		{2E705E5B-4CF1-4415-AB52-4811C774A000}.Debug|Any CPU.ActiveCfg = Debug|Any CPU
		{2E705E5B-4CF1-4415-AB52-4811C774A000}.Debug|Any CPU.Build.0 = Debug|Any CPU
		{2E705E5B-4CF1-4415-AB52-4811C774A000}.Debug|x64.ActiveCfg = Debug|Any CPU
		{2E705E5B-4CF1-4415-AB52-4811C774A000}.Debug|x64.Build.0 = Debug|Any CPU
		{2E705E5B-4CF1-4415-AB52-4811C774A000}.Debug|x86.ActiveCfg = Debug|Any CPU
		{2E705E5B-4CF1-4415-AB52-4811C774A000}.Debug|x86.Build.0 = Debug|Any CPU
		{2E705E5B-4CF1-4415-AB52-4811C774A000}.Release|Any CPU.ActiveCfg = Release|Any CPU
		{2E705E5B-4CF1-4415-AB52-4811C774A000}.Release|Any CPU.Build.0 = Release|Any CPU
		{2E705E5B-4CF1-4415-AB52-4811C774A000}.Release|x64.ActiveCfg = Release|Any CPU
		{2E705E5B-4CF1-4415-AB52-4811C774A000}.Release|x64.Build.0 = Release|Any CPU
		{2E705E5B-4CF1-4415-AB52-4811C774A000}.Release|x86.ActiveCfg = Release|Any CPU
		{2E705E5B-4CF1-4415-AB52-4811C774A000}.Release|x86.Build.0 = Release|Any CPU
		{108464AC-9978-4F3B-A7C3-75A44E1D6F46}.Debug|Any CPU.ActiveCfg = Debug|Any CPU
		{108464AC-9978-4F3B-A7C3-75A44E1D6F46}.Debug|Any CPU.Build.0 = Debug|Any CPU
		{108464AC-9978-4F3B-A7C3-75A44E1D6F46}.Debug|x64.ActiveCfg = Debug|Any CPU
		{108464AC-9978-4F3B-A7C3-75A44E1D6F46}.Debug|x64.Build.0 = Debug|Any CPU
		{108464AC-9978-4F3B-A7C3-75A44E1D6F46}.Debug|x86.ActiveCfg = Debug|Any CPU
		{108464AC-9978-4F3B-A7C3-75A44E1D6F46}.Debug|x86.Build.0 = Debug|Any CPU
		{108464AC-9978-4F3B-A7C3-75A44E1D6F46}.Release|Any CPU.ActiveCfg = Release|Any CPU
		{108464AC-9978-4F3B-A7C3-75A44E1D6F46}.Release|Any CPU.Build.0 = Release|Any CPU
		{108464AC-9978-4F3B-A7C3-75A44E1D6F46}.Release|x64.ActiveCfg = Release|Any CPU
		{108464AC-9978-4F3B-A7C3-75A44E1D6F46}.Release|x64.Build.0 = Release|Any CPU
		{108464AC-9978-4F3B-A7C3-75A44E1D6F46}.Release|x86.ActiveCfg = Release|Any CPU
		{108464AC-9978-4F3B-A7C3-75A44E1D6F46}.Release|x86.Build.0 = Release|Any CPU
		{2427E0CC-C368-4CF1-B4E0-06C8FE2B36E3}.Debug|Any CPU.ActiveCfg = Debug|Any CPU
		{2427E0CC-C368-4CF1-B4E0-06C8FE2B36E3}.Debug|Any CPU.Build.0 = Debug|Any CPU
		{2427E0CC-C368-4CF1-B4E0-06C8FE2B36E3}.Debug|x64.ActiveCfg = Debug|Any CPU
		{2427E0CC-C368-4CF1-B4E0-06C8FE2B36E3}.Debug|x64.Build.0 = Debug|Any CPU
		{2427E0CC-C368-4CF1-B4E0-06C8FE2B36E3}.Debug|x86.ActiveCfg = Debug|Any CPU
		{2427E0CC-C368-4CF1-B4E0-06C8FE2B36E3}.Debug|x86.Build.0 = Debug|Any CPU
		{2427E0CC-C368-4CF1-B4E0-06C8FE2B36E3}.Release|Any CPU.ActiveCfg = Release|Any CPU
		{2427E0CC-C368-4CF1-B4E0-06C8FE2B36E3}.Release|Any CPU.Build.0 = Release|Any CPU
		{2427E0CC-C368-4CF1-B4E0-06C8FE2B36E3}.Release|x64.ActiveCfg = Release|Any CPU
		{2427E0CC-C368-4CF1-B4E0-06C8FE2B36E3}.Release|x64.Build.0 = Release|Any CPU
		{2427E0CC-C368-4CF1-B4E0-06C8FE2B36E3}.Release|x86.ActiveCfg = Release|Any CPU
		{2427E0CC-C368-4CF1-B4E0-06C8FE2B36E3}.Release|x86.Build.0 = Release|Any CPU
		{9FDF519C-29C0-46C1-AC64-2329613F3FBA}.Debug|Any CPU.ActiveCfg = Debug|Any CPU
		{9FDF519C-29C0-46C1-AC64-2329613F3FBA}.Debug|Any CPU.Build.0 = Debug|Any CPU
		{9FDF519C-29C0-46C1-AC64-2329613F3FBA}.Debug|x64.ActiveCfg = Debug|Any CPU
		{9FDF519C-29C0-46C1-AC64-2329613F3FBA}.Debug|x64.Build.0 = Debug|Any CPU
		{9FDF519C-29C0-46C1-AC64-2329613F3FBA}.Debug|x86.ActiveCfg = Debug|Any CPU
		{9FDF519C-29C0-46C1-AC64-2329613F3FBA}.Debug|x86.Build.0 = Debug|Any CPU
		{9FDF519C-29C0-46C1-AC64-2329613F3FBA}.Release|Any CPU.ActiveCfg = Release|Any CPU
		{9FDF519C-29C0-46C1-AC64-2329613F3FBA}.Release|Any CPU.Build.0 = Release|Any CPU
		{9FDF519C-29C0-46C1-AC64-2329613F3FBA}.Release|x64.ActiveCfg = Release|Any CPU
		{9FDF519C-29C0-46C1-AC64-2329613F3FBA}.Release|x64.Build.0 = Release|Any CPU
		{9FDF519C-29C0-46C1-AC64-2329613F3FBA}.Release|x86.ActiveCfg = Release|Any CPU
		{9FDF519C-29C0-46C1-AC64-2329613F3FBA}.Release|x86.Build.0 = Release|Any CPU
		{586E973A-514C-4166-8714-F23213F1A78D}.Debug|Any CPU.ActiveCfg = Debug|Any CPU
		{586E973A-514C-4166-8714-F23213F1A78D}.Debug|Any CPU.Build.0 = Debug|Any CPU
		{586E973A-514C-4166-8714-F23213F1A78D}.Debug|x64.ActiveCfg = Debug|Any CPU
		{586E973A-514C-4166-8714-F23213F1A78D}.Debug|x64.Build.0 = Debug|Any CPU
		{586E973A-514C-4166-8714-F23213F1A78D}.Debug|x86.ActiveCfg = Debug|Any CPU
		{586E973A-514C-4166-8714-F23213F1A78D}.Debug|x86.Build.0 = Debug|Any CPU
		{586E973A-514C-4166-8714-F23213F1A78D}.Release|Any CPU.ActiveCfg = Release|Any CPU
		{586E973A-514C-4166-8714-F23213F1A78D}.Release|Any CPU.Build.0 = Release|Any CPU
		{586E973A-514C-4166-8714-F23213F1A78D}.Release|x64.ActiveCfg = Release|Any CPU
		{586E973A-514C-4166-8714-F23213F1A78D}.Release|x64.Build.0 = Release|Any CPU
		{586E973A-514C-4166-8714-F23213F1A78D}.Release|x86.ActiveCfg = Release|Any CPU
		{586E973A-514C-4166-8714-F23213F1A78D}.Release|x86.Build.0 = Release|Any CPU
		{DAC64D51-D516-455B-8040-15D87D5DB72D}.Debug|Any CPU.ActiveCfg = Debug|Any CPU
		{DAC64D51-D516-455B-8040-15D87D5DB72D}.Debug|Any CPU.Build.0 = Debug|Any CPU
		{DAC64D51-D516-455B-8040-15D87D5DB72D}.Debug|x64.ActiveCfg = Debug|Any CPU
		{DAC64D51-D516-455B-8040-15D87D5DB72D}.Debug|x64.Build.0 = Debug|Any CPU
		{DAC64D51-D516-455B-8040-15D87D5DB72D}.Debug|x86.ActiveCfg = Debug|Any CPU
		{DAC64D51-D516-455B-8040-15D87D5DB72D}.Debug|x86.Build.0 = Debug|Any CPU
		{DAC64D51-D516-455B-8040-15D87D5DB72D}.Release|Any CPU.ActiveCfg = Release|Any CPU
		{DAC64D51-D516-455B-8040-15D87D5DB72D}.Release|Any CPU.Build.0 = Release|Any CPU
		{DAC64D51-D516-455B-8040-15D87D5DB72D}.Release|x64.ActiveCfg = Release|Any CPU
		{DAC64D51-D516-455B-8040-15D87D5DB72D}.Release|x64.Build.0 = Release|Any CPU
		{DAC64D51-D516-455B-8040-15D87D5DB72D}.Release|x86.ActiveCfg = Release|Any CPU
		{DAC64D51-D516-455B-8040-15D87D5DB72D}.Release|x86.Build.0 = Release|Any CPU
		{FE6F1D44-ECAE-4A77-8184-B755F5842B34}.Debug|Any CPU.ActiveCfg = Debug|Any CPU
		{FE6F1D44-ECAE-4A77-8184-B755F5842B34}.Debug|Any CPU.Build.0 = Debug|Any CPU
		{FE6F1D44-ECAE-4A77-8184-B755F5842B34}.Debug|x64.ActiveCfg = Debug|Any CPU
		{FE6F1D44-ECAE-4A77-8184-B755F5842B34}.Debug|x64.Build.0 = Debug|Any CPU
		{FE6F1D44-ECAE-4A77-8184-B755F5842B34}.Debug|x86.ActiveCfg = Debug|Any CPU
		{FE6F1D44-ECAE-4A77-8184-B755F5842B34}.Debug|x86.Build.0 = Debug|Any CPU
		{FE6F1D44-ECAE-4A77-8184-B755F5842B34}.Release|Any CPU.ActiveCfg = Release|Any CPU
		{FE6F1D44-ECAE-4A77-8184-B755F5842B34}.Release|Any CPU.Build.0 = Release|Any CPU
		{FE6F1D44-ECAE-4A77-8184-B755F5842B34}.Release|x64.ActiveCfg = Release|Any CPU
		{FE6F1D44-ECAE-4A77-8184-B755F5842B34}.Release|x64.Build.0 = Release|Any CPU
		{FE6F1D44-ECAE-4A77-8184-B755F5842B34}.Release|x86.ActiveCfg = Release|Any CPU
		{FE6F1D44-ECAE-4A77-8184-B755F5842B34}.Release|x86.Build.0 = Release|Any CPU
		{4B9CF847-19FC-4B63-B1EB-73E62EA5B29D}.Debug|Any CPU.ActiveCfg = Debug|Any CPU
		{4B9CF847-19FC-4B63-B1EB-73E62EA5B29D}.Debug|Any CPU.Build.0 = Debug|Any CPU
		{4B9CF847-19FC-4B63-B1EB-73E62EA5B29D}.Debug|x64.ActiveCfg = Debug|Any CPU
		{4B9CF847-19FC-4B63-B1EB-73E62EA5B29D}.Debug|x64.Build.0 = Debug|Any CPU
		{4B9CF847-19FC-4B63-B1EB-73E62EA5B29D}.Debug|x86.ActiveCfg = Debug|Any CPU
		{4B9CF847-19FC-4B63-B1EB-73E62EA5B29D}.Debug|x86.Build.0 = Debug|Any CPU
		{4B9CF847-19FC-4B63-B1EB-73E62EA5B29D}.Release|Any CPU.ActiveCfg = Release|Any CPU
		{4B9CF847-19FC-4B63-B1EB-73E62EA5B29D}.Release|Any CPU.Build.0 = Release|Any CPU
		{4B9CF847-19FC-4B63-B1EB-73E62EA5B29D}.Release|x64.ActiveCfg = Release|Any CPU
		{4B9CF847-19FC-4B63-B1EB-73E62EA5B29D}.Release|x64.Build.0 = Release|Any CPU
		{4B9CF847-19FC-4B63-B1EB-73E62EA5B29D}.Release|x86.ActiveCfg = Release|Any CPU
		{4B9CF847-19FC-4B63-B1EB-73E62EA5B29D}.Release|x86.Build.0 = Release|Any CPU
		{0C6606F2-A2F5-44A6-96FE-345673B780B0}.Debug|Any CPU.ActiveCfg = Debug|Any CPU
		{0C6606F2-A2F5-44A6-96FE-345673B780B0}.Debug|Any CPU.Build.0 = Debug|Any CPU
		{0C6606F2-A2F5-44A6-96FE-345673B780B0}.Debug|x64.ActiveCfg = Debug|Any CPU
		{0C6606F2-A2F5-44A6-96FE-345673B780B0}.Debug|x64.Build.0 = Debug|Any CPU
		{0C6606F2-A2F5-44A6-96FE-345673B780B0}.Debug|x86.ActiveCfg = Debug|Any CPU
		{0C6606F2-A2F5-44A6-96FE-345673B780B0}.Debug|x86.Build.0 = Debug|Any CPU
		{0C6606F2-A2F5-44A6-96FE-345673B780B0}.Release|Any CPU.ActiveCfg = Release|Any CPU
		{0C6606F2-A2F5-44A6-96FE-345673B780B0}.Release|Any CPU.Build.0 = Release|Any CPU
		{0C6606F2-A2F5-44A6-96FE-345673B780B0}.Release|x64.ActiveCfg = Release|Any CPU
		{0C6606F2-A2F5-44A6-96FE-345673B780B0}.Release|x64.Build.0 = Release|Any CPU
		{0C6606F2-A2F5-44A6-96FE-345673B780B0}.Release|x86.ActiveCfg = Release|Any CPU
		{0C6606F2-A2F5-44A6-96FE-345673B780B0}.Release|x86.Build.0 = Release|Any CPU
		{ED2D268B-6DCE-4838-931E-B6A1C4014D54}.Debug|Any CPU.ActiveCfg = Debug|Any CPU
		{ED2D268B-6DCE-4838-931E-B6A1C4014D54}.Debug|Any CPU.Build.0 = Debug|Any CPU
		{ED2D268B-6DCE-4838-931E-B6A1C4014D54}.Debug|x64.ActiveCfg = Debug|Any CPU
		{ED2D268B-6DCE-4838-931E-B6A1C4014D54}.Debug|x64.Build.0 = Debug|Any CPU
		{ED2D268B-6DCE-4838-931E-B6A1C4014D54}.Debug|x86.ActiveCfg = Debug|Any CPU
		{ED2D268B-6DCE-4838-931E-B6A1C4014D54}.Debug|x86.Build.0 = Debug|Any CPU
		{ED2D268B-6DCE-4838-931E-B6A1C4014D54}.Release|Any CPU.ActiveCfg = Release|Any CPU
		{ED2D268B-6DCE-4838-931E-B6A1C4014D54}.Release|Any CPU.Build.0 = Release|Any CPU
		{ED2D268B-6DCE-4838-931E-B6A1C4014D54}.Release|x64.ActiveCfg = Release|Any CPU
		{ED2D268B-6DCE-4838-931E-B6A1C4014D54}.Release|x64.Build.0 = Release|Any CPU
		{ED2D268B-6DCE-4838-931E-B6A1C4014D54}.Release|x86.ActiveCfg = Release|Any CPU
		{ED2D268B-6DCE-4838-931E-B6A1C4014D54}.Release|x86.Build.0 = Release|Any CPU
		{F4893657-9A29-46B4-B9B3-B533DAF9CC3E}.Debug|Any CPU.ActiveCfg = Debug|Any CPU
		{F4893657-9A29-46B4-B9B3-B533DAF9CC3E}.Debug|Any CPU.Build.0 = Debug|Any CPU
		{F4893657-9A29-46B4-B9B3-B533DAF9CC3E}.Debug|x64.ActiveCfg = Debug|Any CPU
		{F4893657-9A29-46B4-B9B3-B533DAF9CC3E}.Debug|x64.Build.0 = Debug|Any CPU
		{F4893657-9A29-46B4-B9B3-B533DAF9CC3E}.Debug|x86.ActiveCfg = Debug|Any CPU
		{F4893657-9A29-46B4-B9B3-B533DAF9CC3E}.Debug|x86.Build.0 = Debug|Any CPU
		{F4893657-9A29-46B4-B9B3-B533DAF9CC3E}.Release|Any CPU.ActiveCfg = Release|Any CPU
		{F4893657-9A29-46B4-B9B3-B533DAF9CC3E}.Release|Any CPU.Build.0 = Release|Any CPU
		{F4893657-9A29-46B4-B9B3-B533DAF9CC3E}.Release|x64.ActiveCfg = Release|Any CPU
		{F4893657-9A29-46B4-B9B3-B533DAF9CC3E}.Release|x64.Build.0 = Release|Any CPU
		{F4893657-9A29-46B4-B9B3-B533DAF9CC3E}.Release|x86.ActiveCfg = Release|Any CPU
		{F4893657-9A29-46B4-B9B3-B533DAF9CC3E}.Release|x86.Build.0 = Release|Any CPU
		{1881DF0D-9CBD-4286-BA75-EE04790ED41A}.Debug|Any CPU.ActiveCfg = Debug|Any CPU
		{1881DF0D-9CBD-4286-BA75-EE04790ED41A}.Debug|Any CPU.Build.0 = Debug|Any CPU
		{1881DF0D-9CBD-4286-BA75-EE04790ED41A}.Debug|x64.ActiveCfg = Debug|Any CPU
		{1881DF0D-9CBD-4286-BA75-EE04790ED41A}.Debug|x64.Build.0 = Debug|Any CPU
		{1881DF0D-9CBD-4286-BA75-EE04790ED41A}.Debug|x86.ActiveCfg = Debug|Any CPU
		{1881DF0D-9CBD-4286-BA75-EE04790ED41A}.Debug|x86.Build.0 = Debug|Any CPU
		{1881DF0D-9CBD-4286-BA75-EE04790ED41A}.Release|Any CPU.ActiveCfg = Release|Any CPU
		{1881DF0D-9CBD-4286-BA75-EE04790ED41A}.Release|Any CPU.Build.0 = Release|Any CPU
		{1881DF0D-9CBD-4286-BA75-EE04790ED41A}.Release|x64.ActiveCfg = Release|Any CPU
		{1881DF0D-9CBD-4286-BA75-EE04790ED41A}.Release|x64.Build.0 = Release|Any CPU
		{1881DF0D-9CBD-4286-BA75-EE04790ED41A}.Release|x86.ActiveCfg = Release|Any CPU
		{1881DF0D-9CBD-4286-BA75-EE04790ED41A}.Release|x86.Build.0 = Release|Any CPU
		{53F9D0B2-8828-4F6B-B527-7589FB8E38E0}.Debug|Any CPU.ActiveCfg = Debug|Any CPU
		{53F9D0B2-8828-4F6B-B527-7589FB8E38E0}.Debug|Any CPU.Build.0 = Debug|Any CPU
		{53F9D0B2-8828-4F6B-B527-7589FB8E38E0}.Debug|x64.ActiveCfg = Debug|Any CPU
		{53F9D0B2-8828-4F6B-B527-7589FB8E38E0}.Debug|x64.Build.0 = Debug|Any CPU
		{53F9D0B2-8828-4F6B-B527-7589FB8E38E0}.Debug|x86.ActiveCfg = Debug|Any CPU
		{53F9D0B2-8828-4F6B-B527-7589FB8E38E0}.Debug|x86.Build.0 = Debug|Any CPU
		{53F9D0B2-8828-4F6B-B527-7589FB8E38E0}.Release|Any CPU.ActiveCfg = Release|Any CPU
		{53F9D0B2-8828-4F6B-B527-7589FB8E38E0}.Release|Any CPU.Build.0 = Release|Any CPU
		{53F9D0B2-8828-4F6B-B527-7589FB8E38E0}.Release|x64.ActiveCfg = Release|Any CPU
		{53F9D0B2-8828-4F6B-B527-7589FB8E38E0}.Release|x64.Build.0 = Release|Any CPU
		{53F9D0B2-8828-4F6B-B527-7589FB8E38E0}.Release|x86.ActiveCfg = Release|Any CPU
		{53F9D0B2-8828-4F6B-B527-7589FB8E38E0}.Release|x86.Build.0 = Release|Any CPU
		{C7A56554-F507-41E7-B0D8-4C5158D7AFD8}.Debug|Any CPU.ActiveCfg = Debug|Any CPU
		{C7A56554-F507-41E7-B0D8-4C5158D7AFD8}.Debug|Any CPU.Build.0 = Debug|Any CPU
		{C7A56554-F507-41E7-B0D8-4C5158D7AFD8}.Debug|x64.ActiveCfg = Debug|Any CPU
		{C7A56554-F507-41E7-B0D8-4C5158D7AFD8}.Debug|x64.Build.0 = Debug|Any CPU
		{C7A56554-F507-41E7-B0D8-4C5158D7AFD8}.Debug|x86.ActiveCfg = Debug|Any CPU
		{C7A56554-F507-41E7-B0D8-4C5158D7AFD8}.Debug|x86.Build.0 = Debug|Any CPU
		{C7A56554-F507-41E7-B0D8-4C5158D7AFD8}.Release|Any CPU.ActiveCfg = Release|Any CPU
		{C7A56554-F507-41E7-B0D8-4C5158D7AFD8}.Release|Any CPU.Build.0 = Release|Any CPU
		{C7A56554-F507-41E7-B0D8-4C5158D7AFD8}.Release|x64.ActiveCfg = Release|Any CPU
		{C7A56554-F507-41E7-B0D8-4C5158D7AFD8}.Release|x64.Build.0 = Release|Any CPU
		{C7A56554-F507-41E7-B0D8-4C5158D7AFD8}.Release|x86.ActiveCfg = Release|Any CPU
		{C7A56554-F507-41E7-B0D8-4C5158D7AFD8}.Release|x86.Build.0 = Release|Any CPU
		{3A803037-1062-448F-93A9-5511C70DEA73}.Debug|Any CPU.ActiveCfg = Debug|Any CPU
		{3A803037-1062-448F-93A9-5511C70DEA73}.Debug|Any CPU.Build.0 = Debug|Any CPU
		{3A803037-1062-448F-93A9-5511C70DEA73}.Debug|x64.ActiveCfg = Debug|Any CPU
		{3A803037-1062-448F-93A9-5511C70DEA73}.Debug|x64.Build.0 = Debug|Any CPU
		{3A803037-1062-448F-93A9-5511C70DEA73}.Debug|x86.ActiveCfg = Debug|Any CPU
		{3A803037-1062-448F-93A9-5511C70DEA73}.Debug|x86.Build.0 = Debug|Any CPU
		{3A803037-1062-448F-93A9-5511C70DEA73}.Release|Any CPU.ActiveCfg = Release|Any CPU
		{3A803037-1062-448F-93A9-5511C70DEA73}.Release|Any CPU.Build.0 = Release|Any CPU
		{3A803037-1062-448F-93A9-5511C70DEA73}.Release|x64.ActiveCfg = Release|Any CPU
		{3A803037-1062-448F-93A9-5511C70DEA73}.Release|x64.Build.0 = Release|Any CPU
		{3A803037-1062-448F-93A9-5511C70DEA73}.Release|x86.ActiveCfg = Release|Any CPU
		{3A803037-1062-448F-93A9-5511C70DEA73}.Release|x86.Build.0 = Release|Any CPU
	EndGlobalSection
	GlobalSection(SolutionProperties) = preSolution
		HideSolutionNode = FALSE
	EndGlobalSection
	GlobalSection(NestedProjects) = preSolution
		{6C9E7D78-379D-4EAD-97B2-2391C8D897CB} = {827E0CD3-B72D-47B6-A68D-7590B98EB39B}
		{487E91C8-C006-4C0F-BC16-60793D730D47} = {827E0CD3-B72D-47B6-A68D-7590B98EB39B}
		{50918B4B-572A-450B-AF90-D63D412E424C} = {827E0CD3-B72D-47B6-A68D-7590B98EB39B}
		{9BEADA2E-CC72-4684-B242-2DF72FD13E6D} = {827E0CD3-B72D-47B6-A68D-7590B98EB39B}
		{E0C025FC-32FD-48AD-B361-158BB31ABC9B} = {0AB3BF05-4346-4AA6-1389-037BE0695223}
		{007164B5-0DA3-448C-A1F6-57572D5ACE3C} = {0AB3BF05-4346-4AA6-1389-037BE0695223}
		{44E8DE44-4289-4518-A376-11A7D831BC3E} = {0AB3BF05-4346-4AA6-1389-037BE0695223}
		{BD76AA28-A7F3-4628-93AE-9C1EF243EE15} = {0AB3BF05-4346-4AA6-1389-037BE0695223}
		{ECD1DC84-21E2-4613-85A9-E2CCEF575F34} = {827E0CD3-B72D-47B6-A68D-7590B98EB39B}
		{2074F079-399F-4915-B7F3-D8AC141D0C61} = {827E0CD3-B72D-47B6-A68D-7590B98EB39B}
		{F5B173CC-09F5-42F9-87C8-13D066349A13} = {827E0CD3-B72D-47B6-A68D-7590B98EB39B}
		{2E705E5B-4CF1-4415-AB52-4811C774A000} = {5D20AA90-6969-D8BD-9DCD-8634F4692FDA}
		{108464AC-9978-4F3B-A7C3-75A44E1D6F46} = {5D20AA90-6969-D8BD-9DCD-8634F4692FDA}
		{2427E0CC-C368-4CF1-B4E0-06C8FE2B36E3} = {5D20AA90-6969-D8BD-9DCD-8634F4692FDA}
		{9FDF519C-29C0-46C1-AC64-2329613F3FBA} = {0AB3BF05-4346-4AA6-1389-037BE0695223}
		{586E973A-514C-4166-8714-F23213F1A78D} = {0AB3BF05-4346-4AA6-1389-037BE0695223}
		{DAC64D51-D516-455B-8040-15D87D5DB72D} = {0AB3BF05-4346-4AA6-1389-037BE0695223}
		{FE6F1D44-ECAE-4A77-8184-B755F5842B34} = {0AB3BF05-4346-4AA6-1389-037BE0695223}
		{4B9CF847-19FC-4B63-B1EB-73E62EA5B29D} = {827E0CD3-B72D-47B6-A68D-7590B98EB39B}
		{0C6606F2-A2F5-44A6-96FE-345673B780B0} = {0AB3BF05-4346-4AA6-1389-037BE0695223}
		{ED2D268B-6DCE-4838-931E-B6A1C4014D54} = {5D20AA90-6969-D8BD-9DCD-8634F4692FDA}
		{F4893657-9A29-46B4-B9B3-B533DAF9CC3E} = {827E0CD3-B72D-47B6-A68D-7590B98EB39B}
		{1881DF0D-9CBD-4286-BA75-EE04790ED41A} = {0AB3BF05-4346-4AA6-1389-037BE0695223}
		{53F9D0B2-8828-4F6B-B527-7589FB8E38E0} = {5D20AA90-6969-D8BD-9DCD-8634F4692FDA}
		{C7A56554-F507-41E7-B0D8-4C5158D7AFD8} = {0AB3BF05-4346-4AA6-1389-037BE0695223}
		{3A803037-1062-448F-93A9-5511C70DEA73} = {0AB3BF05-4346-4AA6-1389-037BE0695223}
	EndGlobalSection
EndGlobal
